<?xml version="1.0" encoding="utf-8"?>
<Project ToolsVersion="4.0" xmlns="http://schemas.microsoft.com/developer/msbuild/2003">
  <ItemGroup>
    <Filter Include="Source Files">
      <UniqueIdentifier>{4FC737F1-C7A5-4376-A066-2A32D752A2FF}</UniqueIdentifier>
      <Extensions>cpp;c;cc;cxx;def;odl;idl;hpj;bat;asm;asmx</Extensions>
    </Filter>
    <Filter Include="Header Files">
      <UniqueIdentifier>{93995380-89BD-4b04-88EB-625FBE52EBFB}</UniqueIdentifier>
      <Extensions>h;hh;hpp;hxx;hm;inl;inc;xsd</Extensions>
    </Filter>
    <Filter Include="Resource Files">
      <UniqueIdentifier>{67DA6AB6-F800-4c08-8B7A-83BB121AAD01}</UniqueIdentifier>
      <Extensions>rc;ico;cur;bmp;dlg;rc2;rct;bin;rgs;gif;jpg;jpeg;jpe;resx;tiff;tif;png;wav;mfcribbon-ms</Extensions>
    </Filter>
    <Filter Include="src">
      <UniqueIdentifier>{0955eb73-ab96-4b8a-aa21-dc2ddcc53574}</UniqueIdentifier>
    </Filter>
    <Filter Include="src\_micro-api-readonly">
      <UniqueIdentifier>{0605712a-4765-4572-b301-6a84f4b77d00}</UniqueIdentifier>
    </Filter>
    <Filter Include="src\_micro-api-readonly\core">
      <UniqueIdentifier>{7afbe49a-4c2f-4e23-878b-704a4d98cf3e}</UniqueIdentifier>
    </Filter>
    <Filter Include="src\_micro-api-readonly\libraries">
      <UniqueIdentifier>{2c5c29df-08ca-445f-afd7-7d7f9b5de7a5}</UniqueIdentifier>
    </Filter>
    <Filter Include="src\_micro-api-readonly\libraries\LiquidCrystal">
      <UniqueIdentifier>{9abb6990-3f17-47c5-8f3b-2ca38d361684}</UniqueIdentifier>
    </Filter>
    <Filter Include="src\_micro-api-readonly\libraries\IRremote">
      <UniqueIdentifier>{25d95b26-fc50-42bc-b3d8-289942b05ed6}</UniqueIdentifier>
    </Filter>
    <Filter Include="src\_micro-api-readonly\libraries\ESP32-A2DP-main">
      <UniqueIdentifier>{f004e222-9e8d-4e19-a1e9-58ad34ce5f1e}</UniqueIdentifier>
    </Filter>
  </ItemGroup>
  <ItemGroup>
    <ClCompile Include="BEA.ino" />
    <ClCompile Include="string_utilies\string_utilies.cpp">
      <Filter>Source Files</Filter>
    </ClCompile>
    <ClCompile Include="LedHandler\LedHandler.cpp">
      <Filter>Source Files</Filter>
    </ClCompile>
    <ClCompile Include="LCDHandler\LCDHandler.cpp">
      <Filter>Source Files</Filter>
    </ClCompile>
    <ClCompile Include="LCDHandler\LCDMessage.cpp">
      <Filter>Source Files</Filter>
    </ClCompile>
    <ClCompile Include="IRHandler\IRHandler.cpp">
      <Filter>Source Files</Filter>
    </ClCompile>
    <ClCompile Include="BEAHandler\BEAHandler.cpp">
      <Filter>Source Files</Filter>
    </ClCompile>
    <ClCompile Include="..\..\..\AppData\Local\Arduino15\libraries\LiquidCrystal\src\LiquidCrystal.cpp">
      <Filter>src\_micro-api-readonly\libraries\LiquidCrystal</Filter>
    </ClCompile>
    <ClCompile Include="..\..\..\Documents\Arduino\libraries\ESP32-A2DP-main\src\BluetoothA2DPCommon.cpp">
      <Filter>src\_micro-api-readonly\libraries\ESP32-A2DP-main</Filter>
    </ClCompile>
    <ClCompile Include="..\..\..\Documents\Arduino\libraries\ESP32-A2DP-main\src\BluetoothA2DPSink.cpp">
      <Filter>src\_micro-api-readonly\libraries\ESP32-A2DP-main</Filter>
    </ClCompile>
    <ClCompile Include="..\..\..\Documents\Arduino\libraries\ESP32-A2DP-main\src\BluetoothA2DPSinkQueued.cpp">
      <Filter>src\_micro-api-readonly\libraries\ESP32-A2DP-main</Filter>
    </ClCompile>
    <ClCompile Include="..\..\..\Documents\Arduino\libraries\ESP32-A2DP-main\src\BluetoothA2DPSource.cpp">
      <Filter>src\_micro-api-readonly\libraries\ESP32-A2DP-main</Filter>
    </ClCompile>
    <ClCompile Include="..\..\..\Documents\Arduino\libraries\ESP32-A2DP-main\src\SoundData.cpp">
      <Filter>src\_micro-api-readonly\libraries\ESP32-A2DP-main</Filter>
    </ClCompile>
  </ItemGroup>
  <ItemGroup>
    <ClInclude Include="__vm\.BEA.vsarduino.h">
      <Filter>Header Files</Filter>
    </ClInclude>
    <ClInclude Include="string_utilies\string_utilies.hpp">
      <Filter>Header Files</Filter>
    </ClInclude>
    <ClInclude Include="LedHandler\LedHandler.hpp">
      <Filter>Header Files</Filter>
    </ClInclude>
    <ClInclude Include="LCDHandler\LCDMessage.hpp">
      <Filter>Header Files</Filter>
    </ClInclude>
    <ClInclude Include="LCDHandler\LCDHandler.hpp">
      <Filter>Header Files</Filter>
    </ClInclude>
    <ClInclude Include="LCDHandler\LCDMessageFreeOpt.hpp">
      <Filter>Header Files</Filter>
    </ClInclude>
    <ClInclude Include="IRHandler\IRHandler.hpp">
      <Filter>Header Files</Filter>
    </ClInclude>
    <ClInclude Include="BEAHandler\BEAHandler.hpp">
      <Filter>Header Files</Filter>
    </ClInclude>
    <ClInclude Include="..\..\..\AppData\Local\Arduino15\libraries\LiquidCrystal\src\LiquidCrystal.h">
      <Filter>src\_micro-api-readonly\libraries\LiquidCrystal</Filter>
    </ClInclude>
    <ClInclude Include="..\..\..\Documents\Arduino\libraries\IRremote\src\ac_LG.h">
      <Filter>src\_micro-api-readonly\libraries\IRremote</Filter>
    </ClInclude>
    <ClInclude Include="..\..\..\Documents\Arduino\libraries\IRremote\src\ac_LG.hpp">
      <Filter>src\_micro-api-readonly\libraries\IRremote</Filter>
    </ClInclude>
    <ClInclude Include="..\..\..\Documents\Arduino\libraries\IRremote\src\digitalWriteFast.h">
      <Filter>src\_micro-api-readonly\libraries\IRremote</Filter>
    </ClInclude>
    <ClInclude Include="..\..\..\Documents\Arduino\libraries\IRremote\src\IRFeedbackLED.hpp">
      <Filter>src\_micro-api-readonly\libraries\IRremote</Filter>
    </ClInclude>
    <ClInclude Include="..\..\..\Documents\Arduino\libraries\IRremote\src\IRProtocol.h">
      <Filter>src\_micro-api-readonly\libraries\IRremote</Filter>
    </ClInclude>
    <ClInclude Include="..\..\..\Documents\Arduino\libraries\IRremote\src\IRProtocol.hpp">
      <Filter>src\_micro-api-readonly\libraries\IRremote</Filter>
    </ClInclude>
    <ClInclude Include="..\..\..\Documents\Arduino\libraries\IRremote\src\IRReceive.hpp">
      <Filter>src\_micro-api-readonly\libraries\IRremote</Filter>
    </ClInclude>
    <ClInclude Include="..\..\..\Documents\Arduino\libraries\IRremote\src\IRremote.hpp">
      <Filter>src\_micro-api-readonly\libraries\IRremote</Filter>
    </ClInclude>
    <ClInclude Include="..\..\..\Documents\Arduino\libraries\IRremote\src\IRremoteInt.h">
      <Filter>src\_micro-api-readonly\libraries\IRremote</Filter>
    </ClInclude>
    <ClInclude Include="..\..\..\Documents\Arduino\libraries\IRremote\src\IRSend.hpp">
      <Filter>src\_micro-api-readonly\libraries\IRremote</Filter>
    </ClInclude>
    <ClInclude Include="..\..\..\Documents\Arduino\libraries\IRremote\src\ir_BangOlufsen.hpp">
      <Filter>src\_micro-api-readonly\libraries\IRremote</Filter>
    </ClInclude>
    <ClInclude Include="..\..\..\Documents\Arduino\libraries\IRremote\src\ir_BoseWave.hpp">
      <Filter>src\_micro-api-readonly\libraries\IRremote</Filter>
    </ClInclude>
    <ClInclude Include="..\..\..\Documents\Arduino\libraries\IRremote\src\ir_Denon.hpp">
      <Filter>src\_micro-api-readonly\libraries\IRremote</Filter>
    </ClInclude>
    <ClInclude Include="..\..\..\Documents\Arduino\libraries\IRremote\src\ir_DistanceWidthProtocol.hpp">
      <Filter>src\_micro-api-readonly\libraries\IRremote</Filter>
    </ClInclude>
    <ClInclude Include="..\..\..\Documents\Arduino\libraries\IRremote\src\ir_FAST.hpp">
      <Filter>src\_micro-api-readonly\libraries\IRremote</Filter>
    </ClInclude>
    <ClInclude Include="..\..\..\Documents\Arduino\libraries\IRremote\src\ir_JVC.hpp">
      <Filter>src\_micro-api-readonly\libraries\IRremote</Filter>
    </ClInclude>
    <ClInclude Include="..\..\..\Documents\Arduino\libraries\IRremote\src\ir_Kaseikyo.hpp">
      <Filter>src\_micro-api-readonly\libraries\IRremote</Filter>
    </ClInclude>
    <ClInclude Include="..\..\..\Documents\Arduino\libraries\IRremote\src\ir_Lego.hpp">
      <Filter>src\_micro-api-readonly\libraries\IRremote</Filter>
    </ClInclude>
    <ClInclude Include="..\..\..\Documents\Arduino\libraries\IRremote\src\ir_LG.hpp">
      <Filter>src\_micro-api-readonly\libraries\IRremote</Filter>
    </ClInclude>
    <ClInclude Include="..\..\..\Documents\Arduino\libraries\IRremote\src\ir_MagiQuest.hpp">
      <Filter>src\_micro-api-readonly\libraries\IRremote</Filter>
    </ClInclude>
    <ClInclude Include="..\..\..\Documents\Arduino\libraries\IRremote\src\ir_NEC.hpp">
      <Filter>src\_micro-api-readonly\libraries\IRremote</Filter>
    </ClInclude>
    <ClInclude Include="..\..\..\Documents\Arduino\libraries\IRremote\src\ir_Others.hpp">
      <Filter>src\_micro-api-readonly\libraries\IRremote</Filter>
    </ClInclude>
    <ClInclude Include="..\..\..\Documents\Arduino\libraries\IRremote\src\ir_Pronto.hpp">
      <Filter>src\_micro-api-readonly\libraries\IRremote</Filter>
    </ClInclude>
    <ClInclude Include="..\..\..\Documents\Arduino\libraries\IRremote\src\ir_RC5_RC6.hpp">
      <Filter>src\_micro-api-readonly\libraries\IRremote</Filter>
    </ClInclude>
    <ClInclude Include="..\..\..\Documents\Arduino\libraries\IRremote\src\ir_Samsung.hpp">
      <Filter>src\_micro-api-readonly\libraries\IRremote</Filter>
    </ClInclude>
    <ClInclude Include="..\..\..\Documents\Arduino\libraries\IRremote\src\ir_Sony.hpp">
      <Filter>src\_micro-api-readonly\libraries\IRremote</Filter>
    </ClInclude>
    <ClInclude Include="..\..\..\Documents\Arduino\libraries\IRremote\src\ir_Template.hpp">
      <Filter>src\_micro-api-readonly\libraries\IRremote</Filter>
    </ClInclude>
    <ClInclude Include="..\..\..\Documents\Arduino\libraries\IRremote\src\LongUnion.h">
      <Filter>src\_micro-api-readonly\libraries\IRremote</Filter>
    </ClInclude>
    <ClInclude Include="..\..\..\Documents\Arduino\libraries\IRremote\src\TinyIR.h">
      <Filter>src\_micro-api-readonly\libraries\IRremote</Filter>
    </ClInclude>
    <ClInclude Include="..\..\..\Documents\Arduino\libraries\IRremote\src\TinyIRReceiver.hpp">
      <Filter>src\_micro-api-readonly\libraries\IRremote</Filter>
    </ClInclude>
    <ClInclude Include="..\..\..\Documents\Arduino\libraries\IRremote\src\TinyIRSender.hpp">
      <Filter>src\_micro-api-readonly\libraries\IRremote</Filter>
    </ClInclude>
    <ClInclude Include="..\..\..\Documents\Arduino\libraries\IRremote\src\private\IRTimer.hpp">
      <Filter>src\_micro-api-readonly\libraries\IRremote</Filter>
    </ClInclude>
    <ClInclude Include="..\..\..\Documents\Arduino\libraries\ESP32-A2DP-main\src\A2DPVolumeControl.h">
      <Filter>src\_micro-api-readonly\libraries\ESP32-A2DP-main</Filter>
    </ClInclude>
    <ClInclude Include="..\..\..\Documents\Arduino\libraries\ESP32-A2DP-main\src\BluetoothA2DP.h">
      <Filter>src\_micro-api-readonly\libraries\ESP32-A2DP-main</Filter>
    </ClInclude>
    <ClInclude Include="..\..\..\Documents\Arduino\libraries\ESP32-A2DP-main\src\BluetoothA2DPCommon.h">
      <Filter>src\_micro-api-readonly\libraries\ESP32-A2DP-main</Filter>
    </ClInclude>
    <ClInclude Include="..\..\..\Documents\Arduino\libraries\ESP32-A2DP-main\src\BluetoothA2DPSink.h">
      <Filter>src\_micro-api-readonly\libraries\ESP32-A2DP-main</Filter>
    </ClInclude>
    <ClInclude Include="..\..\..\Documents\Arduino\libraries\ESP32-A2DP-main\src\BluetoothA2DPSinkQueued.h">
      <Filter>src\_micro-api-readonly\libraries\ESP32-A2DP-main</Filter>
    </ClInclude>
    <ClInclude Include="..\..\..\Documents\Arduino\libraries\ESP32-A2DP-main\src\BluetoothA2DPSource.h">
      <Filter>src\_micro-api-readonly\libraries\ESP32-A2DP-main</Filter>
    </ClInclude>
    <ClInclude Include="..\..\..\Documents\Arduino\libraries\ESP32-A2DP-main\src\config.h">
      <Filter>src\_micro-api-readonly\libraries\ESP32-A2DP-main</Filter>
    </ClInclude>
    <ClInclude Include="..\..\..\Documents\Arduino\libraries\ESP32-A2DP-main\src\SoundData.h">
      <Filter>src\_micro-api-readonly\libraries\ESP32-A2DP-main</Filter>
    </ClInclude>
  </ItemGroup>
  <ItemGroup>
    <Text Include="..\..\..\AppData\Local\Arduino15\libraries\LiquidCrystal\keywords.txt">
      <Filter>src\_micro-api-readonly\libraries\LiquidCrystal</Filter>
    </Text>
    <Text Include="..\..\..\Documents\Arduino\libraries\IRremote\keywords.txt">
      <Filter>src\_micro-api-readonly\libraries\IRremote</Filter>
    </Text>
    <Text Include="..\..\..\Documents\Arduino\libraries\ESP32-A2DP-main\CMakeLists.txt">
      <Filter>src\_micro-api-readonly\libraries\ESP32-A2DP-main</Filter>
    </Text>
    <Text Include="..\..\..\Documents\Arduino\libraries\ESP32-A2DP-main\keywords.txt">
      <Filter>src\_micro-api-readonly\libraries\ESP32-A2DP-main</Filter>
    </Text>
  </ItemGroup>
  <ItemGroup>
    <None Include="..\..\..\AppData\Local\Arduino15\libraries\LiquidCrystal\library.properties">
      <Filter>src\_micro-api-readonly\libraries\LiquidCrystal</Filter>
    </None>
    <None Include="..\..\..\Documents\Arduino\libraries\IRremote\library.json">
      <Filter>src\_micro-api-readonly\libraries\IRremote</Filter>
    </None>
    <None Include="..\..\..\Documents\Arduino\libraries\IRremote\library.properties">
      <Filter>src\_micro-api-readonly\libraries\IRremote</Filter>
    </None>
    <None Include="..\..\..\Documents\Arduino\libraries\ESP32-A2DP-main\library.properties">
      <Filter>src\_micro-api-readonly\libraries\ESP32-A2DP-main</Filter>
    </None>
    <None Include="..\..\..\Documents\Arduino\libraries\ESP32-A2DP-main\docs\html\annotated.html">
      <Filter>src\_micro-api-readonly\libraries\ESP32-A2DP-main</Filter>
    </None>
    <None Include="..\..\..\Documents\Arduino\libraries\ESP32-A2DP-main\docs\html\classes.html">
      <Filter>src\_micro-api-readonly\libraries\ESP32-A2DP-main</Filter>
    </None>
    <None Include="..\..\..\Documents\Arduino\libraries\ESP32-A2DP-main\docs\html\class_a2_d_p_default_volume_control-members.html">
      <Filter>src\_micro-api-readonly\libraries\ESP32-A2DP-main</Filter>
    </None>
    <None Include="..\..\..\Documents\Arduino\libraries\ESP32-A2DP-main\docs\html\class_a2_d_p_default_volume_control.html">
      <Filter>src\_micro-api-readonly\libraries\ESP32-A2DP-main</Filter>
    </None>
    <None Include="..\..\..\Documents\Arduino\libraries\ESP32-A2DP-main\docs\html\class_a2_d_p_linear_volume_control-members.html">
      <Filter>src\_micro-api-readonly\libraries\ESP32-A2DP-main</Filter>
    </None>
    <None Include="..\..\..\Documents\Arduino\libraries\ESP32-A2DP-main\docs\html\class_a2_d_p_linear_volume_control.html">
      <Filter>src\_micro-api-readonly\libraries\ESP32-A2DP-main</Filter>
    </None>
    <None Include="..\..\..\Documents\Arduino\libraries\ESP32-A2DP-main\docs\html\class_a2_d_p_no_volume_control-members.html">
      <Filter>src\_micro-api-readonly\libraries\ESP32-A2DP-main</Filter>
    </None>
    <None Include="..\..\..\Documents\Arduino\libraries\ESP32-A2DP-main\docs\html\class_a2_d_p_no_volume_control.html">
      <Filter>src\_micro-api-readonly\libraries\ESP32-A2DP-main</Filter>
    </None>
    <None Include="..\..\..\Documents\Arduino\libraries\ESP32-A2DP-main\docs\html\class_a2_d_p_simple_exponential_volume_control-members.html">
      <Filter>src\_micro-api-readonly\libraries\ESP32-A2DP-main</Filter>
    </None>
    <None Include="..\..\..\Documents\Arduino\libraries\ESP32-A2DP-main\docs\html\class_a2_d_p_simple_exponential_volume_control.html">
      <Filter>src\_micro-api-readonly\libraries\ESP32-A2DP-main</Filter>
    </None>
    <None Include="..\..\..\Documents\Arduino\libraries\ESP32-A2DP-main\docs\html\class_a2_d_p_volume_control-members.html">
      <Filter>src\_micro-api-readonly\libraries\ESP32-A2DP-main</Filter>
    </None>
    <None Include="..\..\..\Documents\Arduino\libraries\ESP32-A2DP-main\docs\html\class_a2_d_p_volume_control.html">
      <Filter>src\_micro-api-readonly\libraries\ESP32-A2DP-main</Filter>
    </None>
    <None Include="..\..\..\Documents\Arduino\libraries\ESP32-A2DP-main\docs\html\class_bluetooth_a2_d_p_callbacks-members.html">
      <Filter>src\_micro-api-readonly\libraries\ESP32-A2DP-main</Filter>
    </None>
    <None Include="..\..\..\Documents\Arduino\libraries\ESP32-A2DP-main\docs\html\class_bluetooth_a2_d_p_callbacks.html">
      <Filter>src\_micro-api-readonly\libraries\ESP32-A2DP-main</Filter>
    </None>
    <None Include="..\..\..\Documents\Arduino\libraries\ESP32-A2DP-main\docs\html\class_bluetooth_a2_d_p_common-members.html">
      <Filter>src\_micro-api-readonly\libraries\ESP32-A2DP-main</Filter>
    </None>
    <None Include="..\..\..\Documents\Arduino\libraries\ESP32-A2DP-main\docs\html\class_bluetooth_a2_d_p_common.html">
      <Filter>src\_micro-api-readonly\libraries\ESP32-A2DP-main</Filter>
    </None>
    <None Include="..\..\..\Documents\Arduino\libraries\ESP32-A2DP-main\docs\html\class_bluetooth_a2_d_p_sink-members.html">
      <Filter>src\_micro-api-readonly\libraries\ESP32-A2DP-main</Filter>
    </None>
    <None Include="..\..\..\Documents\Arduino\libraries\ESP32-A2DP-main\docs\html\class_bluetooth_a2_d_p_sink.html">
      <Filter>src\_micro-api-readonly\libraries\ESP32-A2DP-main</Filter>
    </None>
    <None Include="..\..\..\Documents\Arduino\libraries\ESP32-A2DP-main\docs\html\class_bluetooth_a2_d_p_sink_callbacks-members.html">
      <Filter>src\_micro-api-readonly\libraries\ESP32-A2DP-main</Filter>
    </None>
    <None Include="..\..\..\Documents\Arduino\libraries\ESP32-A2DP-main\docs\html\class_bluetooth_a2_d_p_sink_callbacks.html">
      <Filter>src\_micro-api-readonly\libraries\ESP32-A2DP-main</Filter>
    </None>
    <None Include="..\..\..\Documents\Arduino\libraries\ESP32-A2DP-main\docs\html\class_bluetooth_a2_d_p_sink_min_r_a_m-members.html">
      <Filter>src\_micro-api-readonly\libraries\ESP32-A2DP-main</Filter>
    </None>
    <None Include="..\..\..\Documents\Arduino\libraries\ESP32-A2DP-main\docs\html\class_bluetooth_a2_d_p_sink_min_r_a_m.html">
      <Filter>src\_micro-api-readonly\libraries\ESP32-A2DP-main</Filter>
    </None>
    <None Include="..\..\..\Documents\Arduino\libraries\ESP32-A2DP-main\docs\html\class_bluetooth_a2_d_p_sink_queued-members.html">
      <Filter>src\_micro-api-readonly\libraries\ESP32-A2DP-main</Filter>
    </None>
    <None Include="..\..\..\Documents\Arduino\libraries\ESP32-A2DP-main\docs\html\class_bluetooth_a2_d_p_sink_queued.html">
      <Filter>src\_micro-api-readonly\libraries\ESP32-A2DP-main</Filter>
    </None>
    <None Include="..\..\..\Documents\Arduino\libraries\ESP32-A2DP-main\docs\html\class_bluetooth_a2_d_p_source-members.html">
      <Filter>src\_micro-api-readonly\libraries\ESP32-A2DP-main</Filter>
    </None>
    <None Include="..\..\..\Documents\Arduino\libraries\ESP32-A2DP-main\docs\html\class_bluetooth_a2_d_p_source.html">
      <Filter>src\_micro-api-readonly\libraries\ESP32-A2DP-main</Filter>
    </None>
    <None Include="..\..\..\Documents\Arduino\libraries\ESP32-A2DP-main\docs\html\class_default_volume_control-members.html">
      <Filter>src\_micro-api-readonly\libraries\ESP32-A2DP-main</Filter>
    </None>
    <None Include="..\..\..\Documents\Arduino\libraries\ESP32-A2DP-main\docs\html\class_default_volume_control.html">
      <Filter>src\_micro-api-readonly\libraries\ESP32-A2DP-main</Filter>
    </None>
    <None Include="..\..\..\Documents\Arduino\libraries\ESP32-A2DP-main\docs\html\class_linear_volume_control-members.html">
      <Filter>src\_micro-api-readonly\libraries\ESP32-A2DP-main</Filter>
    </None>
    <None Include="..\..\..\Documents\Arduino\libraries\ESP32-A2DP-main\docs\html\class_linear_volume_control.html">
      <Filter>src\_micro-api-readonly\libraries\ESP32-A2DP-main</Filter>
    </None>
    <None Include="..\..\..\Documents\Arduino\libraries\ESP32-A2DP-main\docs\html\class_no_volume_control-members.html">
      <Filter>src\_micro-api-readonly\libraries\ESP32-A2DP-main</Filter>
    </None>
    <None Include="..\..\..\Documents\Arduino\libraries\ESP32-A2DP-main\docs\html\class_no_volume_control.html">
      <Filter>src\_micro-api-readonly\libraries\ESP32-A2DP-main</Filter>
    </None>
    <None Include="..\..\..\Documents\Arduino\libraries\ESP32-A2DP-main\docs\html\class_one_channel8_bit_sound_data-members.html">
      <Filter>src\_micro-api-readonly\libraries\ESP32-A2DP-main</Filter>
    </None>
    <None Include="..\..\..\Documents\Arduino\libraries\ESP32-A2DP-main\docs\html\class_one_channel8_bit_sound_data.html">
      <Filter>src\_micro-api-readonly\libraries\ESP32-A2DP-main</Filter>
    </None>
    <None Include="..\..\..\Documents\Arduino\libraries\ESP32-A2DP-main\docs\html\class_one_channel_sound_data-members.html">
      <Filter>src\_micro-api-readonly\libraries\ESP32-A2DP-main</Filter>
    </None>
    <None Include="..\..\..\Documents\Arduino\libraries\ESP32-A2DP-main\docs\html\class_one_channel_sound_data.html">
      <Filter>src\_micro-api-readonly\libraries\ESP32-A2DP-main</Filter>
    </None>
    <None Include="..\..\..\Documents\Arduino\libraries\ESP32-A2DP-main\docs\html\class_simple_exponential_volume_control-members.html">
      <Filter>src\_micro-api-readonly\libraries\ESP32-A2DP-main</Filter>
    </None>
    <None Include="..\..\..\Documents\Arduino\libraries\ESP32-A2DP-main\docs\html\class_simple_exponential_volume_control.html">
      <Filter>src\_micro-api-readonly\libraries\ESP32-A2DP-main</Filter>
    </None>
    <None Include="..\..\..\Documents\Arduino\libraries\ESP32-A2DP-main\docs\html\class_sound_data-members.html">
      <Filter>src\_micro-api-readonly\libraries\ESP32-A2DP-main</Filter>
    </None>
    <None Include="..\..\..\Documents\Arduino\libraries\ESP32-A2DP-main\docs\html\class_sound_data.html">
      <Filter>src\_micro-api-readonly\libraries\ESP32-A2DP-main</Filter>
    </None>
    <None Include="..\..\..\Documents\Arduino\libraries\ESP32-A2DP-main\docs\html\class_two_channel_sound_data-members.html">
      <Filter>src\_micro-api-readonly\libraries\ESP32-A2DP-main</Filter>
    </None>
    <None Include="..\..\..\Documents\Arduino\libraries\ESP32-A2DP-main\docs\html\class_two_channel_sound_data.html">
      <Filter>src\_micro-api-readonly\libraries\ESP32-A2DP-main</Filter>
    </None>
    <None Include="..\..\..\Documents\Arduino\libraries\ESP32-A2DP-main\docs\html\class_volume_control-members.html">
      <Filter>src\_micro-api-readonly\libraries\ESP32-A2DP-main</Filter>
    </None>
    <None Include="..\..\..\Documents\Arduino\libraries\ESP32-A2DP-main\docs\html\class_volume_control.html">
      <Filter>src\_micro-api-readonly\libraries\ESP32-A2DP-main</Filter>
    </None>
    <None Include="..\..\..\Documents\Arduino\libraries\ESP32-A2DP-main\docs\html\config_8h_source.html">
      <Filter>src\_micro-api-readonly\libraries\ESP32-A2DP-main</Filter>
    </None>
    <None Include="..\..\..\Documents\Arduino\libraries\ESP32-A2DP-main\docs\html\dir_68267d1309a1af8e8297ef4c3efbcdba.html">
      <Filter>src\_micro-api-readonly\libraries\ESP32-A2DP-main</Filter>
    </None>
    <None Include="..\..\..\Documents\Arduino\libraries\ESP32-A2DP-main\docs\html\files.html">
      <Filter>src\_micro-api-readonly\libraries\ESP32-A2DP-main</Filter>
    </None>
    <None Include="..\..\..\Documents\Arduino\libraries\ESP32-A2DP-main\docs\html\functions.html">
      <Filter>src\_micro-api-readonly\libraries\ESP32-A2DP-main</Filter>
    </None>
    <None Include="..\..\..\Documents\Arduino\libraries\ESP32-A2DP-main\docs\html\functions_func.html">
      <Filter>src\_micro-api-readonly\libraries\ESP32-A2DP-main</Filter>
    </None>
    <None Include="..\..\..\Documents\Arduino\libraries\ESP32-A2DP-main\docs\html\functions_rela.html">
      <Filter>src\_micro-api-readonly\libraries\ESP32-A2DP-main</Filter>
    </None>
    <None Include="..\..\..\Documents\Arduino\libraries\ESP32-A2DP-main\docs\html\functions_vars.html">
      <Filter>src\_micro-api-readonly\libraries\ESP32-A2DP-main</Filter>
    </None>
    <None Include="..\..\..\Documents\Arduino\libraries\ESP32-A2DP-main\docs\html\globals.html">
      <Filter>src\_micro-api-readonly\libraries\ESP32-A2DP-main</Filter>
    </None>
    <None Include="..\..\..\Documents\Arduino\libraries\ESP32-A2DP-main\docs\html\globals_func.html">
      <Filter>src\_micro-api-readonly\libraries\ESP32-A2DP-main</Filter>
    </None>
    <None Include="..\..\..\Documents\Arduino\libraries\ESP32-A2DP-main\docs\html\globals_type.html">
      <Filter>src\_micro-api-readonly\libraries\ESP32-A2DP-main</Filter>
    </None>
    <None Include="..\..\..\Documents\Arduino\libraries\ESP32-A2DP-main\docs\html\group__a2dp.html">
      <Filter>src\_micro-api-readonly\libraries\ESP32-A2DP-main</Filter>
    </None>
    <None Include="..\..\..\Documents\Arduino\libraries\ESP32-A2DP-main\docs\html\hierarchy.html">
      <Filter>src\_micro-api-readonly\libraries\ESP32-A2DP-main</Filter>
    </None>
    <None Include="..\..\..\Documents\Arduino\libraries\ESP32-A2DP-main\docs\html\index.html">
      <Filter>src\_micro-api-readonly\libraries\ESP32-A2DP-main</Filter>
    </None>
    <None Include="..\..\..\Documents\Arduino\libraries\ESP32-A2DP-main\docs\html\md__r_e_a_d_m_e.html">
      <Filter>src\_micro-api-readonly\libraries\ESP32-A2DP-main</Filter>
    </None>
    <None Include="..\..\..\Documents\Arduino\libraries\ESP32-A2DP-main\docs\html\modules.html">
      <Filter>src\_micro-api-readonly\libraries\ESP32-A2DP-main</Filter>
    </None>
    <None Include="..\..\..\Documents\Arduino\libraries\ESP32-A2DP-main\docs\html\pages.html">
      <Filter>src\_micro-api-readonly\libraries\ESP32-A2DP-main</Filter>
    </None>
    <None Include="..\..\..\Documents\Arduino\libraries\ESP32-A2DP-main\docs\html\structapp__msg__t-members.html">
      <Filter>src\_micro-api-readonly\libraries\ESP32-A2DP-main</Filter>
    </None>
    <None Include="..\..\..\Documents\Arduino\libraries\ESP32-A2DP-main\docs\html\structapp__msg__t.html">
      <Filter>src\_micro-api-readonly\libraries\ESP32-A2DP-main</Filter>
    </None>
    <None Include="..\..\..\Documents\Arduino\libraries\ESP32-A2DP-main\docs\html\structbt__app__msg__t-members.html">
      <Filter>src\_micro-api-readonly\libraries\ESP32-A2DP-main</Filter>
    </None>
    <None Include="..\..\..\Documents\Arduino\libraries\ESP32-A2DP-main\docs\html\structbt__app__msg__t.html">
      <Filter>src\_micro-api-readonly\libraries\ESP32-A2DP-main</Filter>
    </None>
    <None Include="..\..\..\Documents\Arduino\libraries\ESP32-A2DP-main\docs\html\_a2_d_p_volume_control_8h_source.html">
      <Filter>src\_micro-api-readonly\libraries\ESP32-A2DP-main</Filter>
    </None>
    <None Include="..\..\..\Documents\Arduino\libraries\ESP32-A2DP-main\docs\html\_bluetooth_a2_d_p_8h.html">
      <Filter>src\_micro-api-readonly\libraries\ESP32-A2DP-main</Filter>
    </None>
    <None Include="..\..\..\Documents\Arduino\libraries\ESP32-A2DP-main\docs\html\_bluetooth_a2_d_p_8h_source.html">
      <Filter>src\_micro-api-readonly\libraries\ESP32-A2DP-main</Filter>
    </None>
    <None Include="..\..\..\Documents\Arduino\libraries\ESP32-A2DP-main\docs\html\_bluetooth_a2_d_p_common_8h.html">
      <Filter>src\_micro-api-readonly\libraries\ESP32-A2DP-main</Filter>
    </None>
    <None Include="..\..\..\Documents\Arduino\libraries\ESP32-A2DP-main\docs\html\_bluetooth_a2_d_p_common_8h_source.html">
      <Filter>src\_micro-api-readonly\libraries\ESP32-A2DP-main</Filter>
    </None>
    <None Include="..\..\..\Documents\Arduino\libraries\ESP32-A2DP-main\docs\html\_bluetooth_a2_d_p_sink_8h_source.html">
      <Filter>src\_micro-api-readonly\libraries\ESP32-A2DP-main</Filter>
    </None>
    <None Include="..\..\..\Documents\Arduino\libraries\ESP32-A2DP-main\docs\html\_bluetooth_a2_d_p_sink_queued_8h_source.html">
      <Filter>src\_micro-api-readonly\libraries\ESP32-A2DP-main</Filter>
    </None>
    <None Include="..\..\..\Documents\Arduino\libraries\ESP32-A2DP-main\docs\html\_bluetooth_a2_d_p_source_8h_source.html">
      <Filter>src\_micro-api-readonly\libraries\ESP32-A2DP-main</Filter>
    </None>
    <None Include="..\..\..\Documents\Arduino\libraries\ESP32-A2DP-main\docs\html\_sound_data_8h_source.html">
      <Filter>src\_micro-api-readonly\libraries\ESP32-A2DP-main</Filter>
    </None>
    <None Include="..\..\..\Documents\Arduino\libraries\ESP32-A2DP-main\docs\html\_volume_control_8h_source.html">
      <Filter>src\_micro-api-readonly\libraries\ESP32-A2DP-main</Filter>
    </None>
    <None Include="..\..\..\Documents\Arduino\libraries\ESP32-A2DP-main\docs\html\search\all_0.html">
      <Filter>src\_micro-api-readonly\libraries\ESP32-A2DP-main</Filter>
    </None>
    <None Include="..\..\..\Documents\Arduino\libraries\ESP32-A2DP-main\docs\html\search\all_1.html">
      <Filter>src\_micro-api-readonly\libraries\ESP32-A2DP-main</Filter>
    </None>
    <None Include="..\..\..\Documents\Arduino\libraries\ESP32-A2DP-main\docs\html\search\all_10.html">
      <Filter>src\_micro-api-readonly\libraries\ESP32-A2DP-main</Filter>
    </None>
    <None Include="..\..\..\Documents\Arduino\libraries\ESP32-A2DP-main\docs\html\search\all_11.html">
      <Filter>src\_micro-api-readonly\libraries\ESP32-A2DP-main</Filter>
    </None>
    <None Include="..\..\..\Documents\Arduino\libraries\ESP32-A2DP-main\docs\html\search\all_12.html">
      <Filter>src\_micro-api-readonly\libraries\ESP32-A2DP-main</Filter>
    </None>
    <None Include="..\..\..\Documents\Arduino\libraries\ESP32-A2DP-main\docs\html\search\all_2.html">
      <Filter>src\_micro-api-readonly\libraries\ESP32-A2DP-main</Filter>
    </None>
    <None Include="..\..\..\Documents\Arduino\libraries\ESP32-A2DP-main\docs\html\search\all_3.html">
      <Filter>src\_micro-api-readonly\libraries\ESP32-A2DP-main</Filter>
    </None>
    <None Include="..\..\..\Documents\Arduino\libraries\ESP32-A2DP-main\docs\html\search\all_4.html">
      <Filter>src\_micro-api-readonly\libraries\ESP32-A2DP-main</Filter>
    </None>
    <None Include="..\..\..\Documents\Arduino\libraries\ESP32-A2DP-main\docs\html\search\all_5.html">
      <Filter>src\_micro-api-readonly\libraries\ESP32-A2DP-main</Filter>
    </None>
    <None Include="..\..\..\Documents\Arduino\libraries\ESP32-A2DP-main\docs\html\search\all_6.html">
      <Filter>src\_micro-api-readonly\libraries\ESP32-A2DP-main</Filter>
    </None>
    <None Include="..\..\..\Documents\Arduino\libraries\ESP32-A2DP-main\docs\html\search\all_7.html">
      <Filter>src\_micro-api-readonly\libraries\ESP32-A2DP-main</Filter>
    </None>
    <None Include="..\..\..\Documents\Arduino\libraries\ESP32-A2DP-main\docs\html\search\all_8.html">
      <Filter>src\_micro-api-readonly\libraries\ESP32-A2DP-main</Filter>
    </None>
    <None Include="..\..\..\Documents\Arduino\libraries\ESP32-A2DP-main\docs\html\search\all_9.html">
      <Filter>src\_micro-api-readonly\libraries\ESP32-A2DP-main</Filter>
    </None>
    <None Include="..\..\..\Documents\Arduino\libraries\ESP32-A2DP-main\docs\html\search\all_a.html">
      <Filter>src\_micro-api-readonly\libraries\ESP32-A2DP-main</Filter>
    </None>
    <None Include="..\..\..\Documents\Arduino\libraries\ESP32-A2DP-main\docs\html\search\all_b.html">
      <Filter>src\_micro-api-readonly\libraries\ESP32-A2DP-main</Filter>
    </None>
    <None Include="..\..\..\Documents\Arduino\libraries\ESP32-A2DP-main\docs\html\search\all_c.html">
      <Filter>src\_micro-api-readonly\libraries\ESP32-A2DP-main</Filter>
    </None>
    <None Include="..\..\..\Documents\Arduino\libraries\ESP32-A2DP-main\docs\html\search\all_d.html">
      <Filter>src\_micro-api-readonly\libraries\ESP32-A2DP-main</Filter>
    </None>
    <None Include="..\..\..\Documents\Arduino\libraries\ESP32-A2DP-main\docs\html\search\all_e.html">
      <Filter>src\_micro-api-readonly\libraries\ESP32-A2DP-main</Filter>
    </None>
    <None Include="..\..\..\Documents\Arduino\libraries\ESP32-A2DP-main\docs\html\search\all_f.html">
      <Filter>src\_micro-api-readonly\libraries\ESP32-A2DP-main</Filter>
    </None>
    <None Include="..\..\..\Documents\Arduino\libraries\ESP32-A2DP-main\docs\html\search\classes_0.html">
      <Filter>src\_micro-api-readonly\libraries\ESP32-A2DP-main</Filter>
    </None>
    <None Include="..\..\..\Documents\Arduino\libraries\ESP32-A2DP-main\docs\html\search\classes_1.html">
      <Filter>src\_micro-api-readonly\libraries\ESP32-A2DP-main</Filter>
    </None>
    <None Include="..\..\..\Documents\Arduino\libraries\ESP32-A2DP-main\docs\html\search\classes_2.html">
      <Filter>src\_micro-api-readonly\libraries\ESP32-A2DP-main</Filter>
    </None>
    <None Include="..\..\..\Documents\Arduino\libraries\ESP32-A2DP-main\docs\html\search\classes_3.html">
      <Filter>src\_micro-api-readonly\libraries\ESP32-A2DP-main</Filter>
    </None>
    <None Include="..\..\..\Documents\Arduino\libraries\ESP32-A2DP-main\docs\html\search\classes_4.html">
      <Filter>src\_micro-api-readonly\libraries\ESP32-A2DP-main</Filter>
    </None>
    <None Include="..\..\..\Documents\Arduino\libraries\ESP32-A2DP-main\docs\html\search\classes_5.html">
      <Filter>src\_micro-api-readonly\libraries\ESP32-A2DP-main</Filter>
    </None>
    <None Include="..\..\..\Documents\Arduino\libraries\ESP32-A2DP-main\docs\html\search\classes_6.html">
      <Filter>src\_micro-api-readonly\libraries\ESP32-A2DP-main</Filter>
    </None>
    <None Include="..\..\..\Documents\Arduino\libraries\ESP32-A2DP-main\docs\html\search\classes_7.html">
      <Filter>src\_micro-api-readonly\libraries\ESP32-A2DP-main</Filter>
    </None>
    <None Include="..\..\..\Documents\Arduino\libraries\ESP32-A2DP-main\docs\html\search\classes_8.html">
      <Filter>src\_micro-api-readonly\libraries\ESP32-A2DP-main</Filter>
    </None>
    <None Include="..\..\..\Documents\Arduino\libraries\ESP32-A2DP-main\docs\html\search\files_0.html">
      <Filter>src\_micro-api-readonly\libraries\ESP32-A2DP-main</Filter>
    </None>
    <None Include="..\..\..\Documents\Arduino\libraries\ESP32-A2DP-main\docs\html\search\functions_0.html">
      <Filter>src\_micro-api-readonly\libraries\ESP32-A2DP-main</Filter>
    </None>
    <None Include="..\..\..\Documents\Arduino\libraries\ESP32-A2DP-main\docs\html\search\functions_1.html">
      <Filter>src\_micro-api-readonly\libraries\ESP32-A2DP-main</Filter>
    </None>
    <None Include="..\..\..\Documents\Arduino\libraries\ESP32-A2DP-main\docs\html\search\functions_10.html">
      <Filter>src\_micro-api-readonly\libraries\ESP32-A2DP-main</Filter>
    </None>
    <None Include="..\..\..\Documents\Arduino\libraries\ESP32-A2DP-main\docs\html\search\functions_11.html">
      <Filter>src\_micro-api-readonly\libraries\ESP32-A2DP-main</Filter>
    </None>
    <None Include="..\..\..\Documents\Arduino\libraries\ESP32-A2DP-main\docs\html\search\functions_12.html">
      <Filter>src\_micro-api-readonly\libraries\ESP32-A2DP-main</Filter>
    </None>
    <None Include="..\..\..\Documents\Arduino\libraries\ESP32-A2DP-main\docs\html\search\functions_2.html">
      <Filter>src\_micro-api-readonly\libraries\ESP32-A2DP-main</Filter>
    </None>
    <None Include="..\..\..\Documents\Arduino\libraries\ESP32-A2DP-main\docs\html\search\functions_3.html">
      <Filter>src\_micro-api-readonly\libraries\ESP32-A2DP-main</Filter>
    </None>
    <None Include="..\..\..\Documents\Arduino\libraries\ESP32-A2DP-main\docs\html\search\functions_4.html">
      <Filter>src\_micro-api-readonly\libraries\ESP32-A2DP-main</Filter>
    </None>
    <None Include="..\..\..\Documents\Arduino\libraries\ESP32-A2DP-main\docs\html\search\functions_5.html">
      <Filter>src\_micro-api-readonly\libraries\ESP32-A2DP-main</Filter>
    </None>
    <None Include="..\..\..\Documents\Arduino\libraries\ESP32-A2DP-main\docs\html\search\functions_6.html">
      <Filter>src\_micro-api-readonly\libraries\ESP32-A2DP-main</Filter>
    </None>
    <None Include="..\..\..\Documents\Arduino\libraries\ESP32-A2DP-main\docs\html\search\functions_7.html">
      <Filter>src\_micro-api-readonly\libraries\ESP32-A2DP-main</Filter>
    </None>
    <None Include="..\..\..\Documents\Arduino\libraries\ESP32-A2DP-main\docs\html\search\functions_8.html">
      <Filter>src\_micro-api-readonly\libraries\ESP32-A2DP-main</Filter>
    </None>
    <None Include="..\..\..\Documents\Arduino\libraries\ESP32-A2DP-main\docs\html\search\functions_9.html">
      <Filter>src\_micro-api-readonly\libraries\ESP32-A2DP-main</Filter>
    </None>
    <None Include="..\..\..\Documents\Arduino\libraries\ESP32-A2DP-main\docs\html\search\functions_a.html">
      <Filter>src\_micro-api-readonly\libraries\ESP32-A2DP-main</Filter>
    </None>
    <None Include="..\..\..\Documents\Arduino\libraries\ESP32-A2DP-main\docs\html\search\functions_b.html">
      <Filter>src\_micro-api-readonly\libraries\ESP32-A2DP-main</Filter>
    </None>
    <None Include="..\..\..\Documents\Arduino\libraries\ESP32-A2DP-main\docs\html\search\functions_c.html">
      <Filter>src\_micro-api-readonly\libraries\ESP32-A2DP-main</Filter>
    </None>
    <None Include="..\..\..\Documents\Arduino\libraries\ESP32-A2DP-main\docs\html\search\functions_d.html">
      <Filter>src\_micro-api-readonly\libraries\ESP32-A2DP-main</Filter>
    </None>
    <None Include="..\..\..\Documents\Arduino\libraries\ESP32-A2DP-main\docs\html\search\functions_e.html">
      <Filter>src\_micro-api-readonly\libraries\ESP32-A2DP-main</Filter>
    </None>
    <None Include="..\..\..\Documents\Arduino\libraries\ESP32-A2DP-main\docs\html\search\functions_f.html">
      <Filter>src\_micro-api-readonly\libraries\ESP32-A2DP-main</Filter>
    </None>
    <None Include="..\..\..\Documents\Arduino\libraries\ESP32-A2DP-main\docs\html\search\nomatches.html">
      <Filter>src\_micro-api-readonly\libraries\ESP32-A2DP-main</Filter>
    </None>
    <None Include="..\..\..\Documents\Arduino\libraries\ESP32-A2DP-main\docs\html\search\pages_0.html">
      <Filter>src\_micro-api-readonly\libraries\ESP32-A2DP-main</Filter>
    </None>
    <None Include="..\..\..\Documents\Arduino\libraries\ESP32-A2DP-main\docs\html\search\related_0.html">
      <Filter>src\_micro-api-readonly\libraries\ESP32-A2DP-main</Filter>
    </None>
    <None Include="..\..\..\Documents\Arduino\libraries\ESP32-A2DP-main\docs\html\search\variables_0.html">
      <Filter>src\_micro-api-readonly\libraries\ESP32-A2DP-main</Filter>
    </None>
    <None Include="..\..\..\Documents\Arduino\libraries\ESP32-A2DP-main\docs\html\search\variables_1.html">
      <Filter>src\_micro-api-readonly\libraries\ESP32-A2DP-main</Filter>
    </None>
    <None Include="..\..\..\Documents\Arduino\libraries\ESP32-A2DP-main\docs\html\search\variables_2.html">
      <Filter>src\_micro-api-readonly\libraries\ESP32-A2DP-main</Filter>
    </None>
    <None Include="..\..\..\Documents\Arduino\libraries\ESP32-A2DP-main\docs\html\search\variables_3.html">
      <Filter>src\_micro-api-readonly\libraries\ESP32-A2DP-main</Filter>
    </None>
    <None Include="..\..\..\Documents\Arduino\libraries\ESP32-A2DP-main\docs\html\search\variables_4.html">
      <Filter>src\_micro-api-readonly\libraries\ESP32-A2DP-main</Filter>
    </None>
  </ItemGroup>
</Project>